
Microsoft Visual Studio Solution File, Format Version 12.00
# Visual Studio 15
VisualStudioVersion = 15.0.28307.438
MinimumVisualStudioVersion = 10.0.40219.1
Project("{FAE04EC0-301F-11D3-BF4B-00C04F79EFBC}") = "MyHangManGame", "MyHangManGame\MyHangManGame.csproj", "{77D4F215-4961-497B-AC81-D9AA6B57093D}"
EndProject
Global
	GlobalSection(SolutionConfigurationPlatforms) = preSolution
		Debug|Any CPU = Debug|Any CPU
		Release|Any CPU = Release|Any CPU
	EndGlobalSection
	GlobalSection(ProjectConfigurationPlatforms) = postSolution
		{77D4F215-4961-497B-AC81-D9AA6B57093D}.Debug|Any CPU.ActiveCfg = Debug|Any CPU
		{77D4F215-4961-497B-AC81-D9AA6B57093D}.Debug|Any CPU.Build.0 = Debug|Any CPU
		{77D4F215-4961-497B-AC81-D9AA6B57093D}.Release|Any CPU.ActiveCfg = Release|Any CPU
		{77D4F215-4961-497B-AC81-D9AA6B57093D}.Release|Any CPU.Build.0 = Release|Any CPU
	EndGlobalSection
	GlobalSection(SolutionProperties) = preSolution
		HideSolutionNode = FALSE
	EndGlobalSection
	GlobalSection(ExtensibilityGlobals) = postSolution
		SolutionGuid = {3163CC52-601B-4D48-AC28-9E51AA27B157}
	EndGlobalSection
EndGlobal
